
Microsoft Visual Studio Solution File, Format Version 12.00
# Visual Studio Version 17
VisualStudioVersion = 17.0.31903.59
MinimumVisualStudioVersion = 10.0.40219.1
Project("{FAE04EC0-301F-11D3-BF4B-00C04F79EFBC}") = "Sld131", "Sld131\Sld131.csproj", "{D3B68610-A4DA-4FB8-B707-9595A8663BBC}"
EndProject
Global
	GlobalSection(SolutionConfigurationPlatforms) = preSolution
		Debug|Any CPU = Debug|Any CPU
		Release|Any CPU = Release|Any CPU
	EndGlobalSection
	GlobalSection(ProjectConfigurationPlatforms) = postSolution
		{D3B68610-A4DA-4FB8-B707-9595A8663BBC}.Debug|Any CPU.ActiveCfg = Debug|Any CPU
		{D3B68610-A4DA-4FB8-B707-9595A8663BBC}.Debug|Any CPU.Build.0 = Debug|Any CPU
		{D3B68610-A4DA-4FB8-B707-9595A8663BBC}.Release|Any CPU.ActiveCfg = Release|Any CPU
		{D3B68610-A4DA-4FB8-B707-9595A8663BBC}.Release|Any CPU.Build.0 = Release|Any CPU
	EndGlobalSection
	GlobalSection(SolutionProperties) = preSolution
		HideSolutionNode = FALSE
	EndGlobalSection
	GlobalSection(ExtensibilityGlobals) = postSolution
		SolutionGuid = {E0321304-929B-42AF-A2A7-232E0749A6D9}
	EndGlobalSection
EndGlobal
